// !$*UTF8*$!
{
	archiveVersion = 1;
	classes = {
	};
	objectVersion = 55;
	objects = {

/* Begin PBXBuildFile section */
		20EC29991B54549CB54505B5 /* Pods_TheMovieDB.framework in Frameworks */ = {isa = PBXBuildFile; fileRef = 431E48721DD0433E907BCEE7 /* Pods_TheMovieDB.framework */; };
		814C319DD87C4EE878DCCD1C /* Pods_TheMovieDB_TheMovieDBUITests.framework in Frameworks */ = {isa = PBXBuildFile; fileRef = 1026FA8E5DB469B2C004382D /* Pods_TheMovieDB_TheMovieDBUITests.framework */; };
		A9748592289106BB00D8FB3F /* TheMovieDBApp.swift in Sources */ = {isa = PBXBuildFile; fileRef = A9748591289106BB00D8FB3F /* TheMovieDBApp.swift */; };
		A9748596289106BC00D8FB3F /* Assets.xcassets in Resources */ = {isa = PBXBuildFile; fileRef = A9748595289106BC00D8FB3F /* Assets.xcassets */; };
		A9748599289106BC00D8FB3F /* Preview Assets.xcassets in Resources */ = {isa = PBXBuildFile; fileRef = A9748598289106BC00D8FB3F /* Preview Assets.xcassets */; };
		A97485A3289106BC00D8FB3F /* TheMovieDBTests.swift in Sources */ = {isa = PBXBuildFile; fileRef = A97485A2289106BC00D8FB3F /* TheMovieDBTests.swift */; };
		A97485AD289106BC00D8FB3F /* TheMovieDBUITests.swift in Sources */ = {isa = PBXBuildFile; fileRef = A97485AC289106BC00D8FB3F /* TheMovieDBUITests.swift */; };
		A97485AF289106BC00D8FB3F /* TheMovieDBUITestsLaunchTests.swift in Sources */ = {isa = PBXBuildFile; fileRef = A97485AE289106BC00D8FB3F /* TheMovieDBUITestsLaunchTests.swift */; };
		A97485BC28918EEA00D8FB3F /* MovieListView.swift in Sources */ = {isa = PBXBuildFile; fileRef = A97485BB28918EEA00D8FB3F /* MovieListView.swift */; };
		A97485BF28918FBF00D8FB3F /* Movie.swift in Sources */ = {isa = PBXBuildFile; fileRef = A97485BE28918FBF00D8FB3F /* Movie.swift */; };
		A97485C2289191A100D8FB3F /* MovieServices.swift in Sources */ = {isa = PBXBuildFile; fileRef = A97485C1289191A100D8FB3F /* MovieServices.swift */; };
		A97485C42891931A00D8FB3F /* MovieListType.swift in Sources */ = {isa = PBXBuildFile; fileRef = A97485C32891931A00D8FB3F /* MovieListType.swift */; };
		A97485C628919A6600D8FB3F /* MovieErrorType.swift in Sources */ = {isa = PBXBuildFile; fileRef = A97485C528919A6600D8FB3F /* MovieErrorType.swift */; };
		A97485C828919C6400D8FB3F /* ServiceManager.swift in Sources */ = {isa = PBXBuildFile; fileRef = A97485C728919C6400D8FB3F /* ServiceManager.swift */; };
		A97485CE2892846000D8FB3F /* MovieList.swift in Sources */ = {isa = PBXBuildFile; fileRef = A97485CD2892846000D8FB3F /* MovieList.swift */; };
		A97485D128928D2600D8FB3F /* MovieCard.swift in Sources */ = {isa = PBXBuildFile; fileRef = A97485D028928D2500D8FB3F /* MovieCard.swift */; };
		A97485D42892992400D8FB3F /* ImageLoader.swift in Sources */ = {isa = PBXBuildFile; fileRef = A97485D32892992400D8FB3F /* ImageLoader.swift */; };
		FA739D7569972154AB76F9D0 /* Pods_TheMovieDBTests.framework in Frameworks */ = {isa = PBXBuildFile; fileRef = E78818EE3CC8F36ECA08DC54 /* Pods_TheMovieDBTests.framework */; };
/* End PBXBuildFile section */

/* Begin PBXContainerItemProxy section */
		A974859F289106BC00D8FB3F /* PBXContainerItemProxy */ = {
			isa = PBXContainerItemProxy;
			containerPortal = A9748586289106BB00D8FB3F /* Project object */;
			proxyType = 1;
			remoteGlobalIDString = A974858D289106BB00D8FB3F;
			remoteInfo = TheMovieDB;
		};
		A97485A9289106BC00D8FB3F /* PBXContainerItemProxy */ = {
			isa = PBXContainerItemProxy;
			containerPortal = A9748586289106BB00D8FB3F /* Project object */;
			proxyType = 1;
			remoteGlobalIDString = A974858D289106BB00D8FB3F;
			remoteInfo = TheMovieDB;
		};
/* End PBXContainerItemProxy section */

/* Begin PBXFileReference section */
		1026FA8E5DB469B2C004382D /* Pods_TheMovieDB_TheMovieDBUITests.framework */ = {isa = PBXFileReference; explicitFileType = wrapper.framework; includeInIndex = 0; path = Pods_TheMovieDB_TheMovieDBUITests.framework; sourceTree = BUILT_PRODUCTS_DIR; };
		32A5EC15A932B3C1C0CF363C /* Pods-TheMovieDBTests.debug.xcconfig */ = {isa = PBXFileReference; includeInIndex = 1; lastKnownFileType = text.xcconfig; name = "Pods-TheMovieDBTests.debug.xcconfig"; path = "Target Support Files/Pods-TheMovieDBTests/Pods-TheMovieDBTests.debug.xcconfig"; sourceTree = "<group>"; };
		431E48721DD0433E907BCEE7 /* Pods_TheMovieDB.framework */ = {isa = PBXFileReference; explicitFileType = wrapper.framework; includeInIndex = 0; path = Pods_TheMovieDB.framework; sourceTree = BUILT_PRODUCTS_DIR; };
		58F597513A22783EDB22900C /* Pods-TheMovieDBTests.release.xcconfig */ = {isa = PBXFileReference; includeInIndex = 1; lastKnownFileType = text.xcconfig; name = "Pods-TheMovieDBTests.release.xcconfig"; path = "Target Support Files/Pods-TheMovieDBTests/Pods-TheMovieDBTests.release.xcconfig"; sourceTree = "<group>"; };
		7C8F4345648078C465BC2B0B /* Pods-TheMovieDB-TheMovieDBUITests.debug.xcconfig */ = {isa = PBXFileReference; includeInIndex = 1; lastKnownFileType = text.xcconfig; name = "Pods-TheMovieDB-TheMovieDBUITests.debug.xcconfig"; path = "Target Support Files/Pods-TheMovieDB-TheMovieDBUITests/Pods-TheMovieDB-TheMovieDBUITests.debug.xcconfig"; sourceTree = "<group>"; };
		9AB1E794F6445018C579A374 /* Pods-TheMovieDB.release.xcconfig */ = {isa = PBXFileReference; includeInIndex = 1; lastKnownFileType = text.xcconfig; name = "Pods-TheMovieDB.release.xcconfig"; path = "Target Support Files/Pods-TheMovieDB/Pods-TheMovieDB.release.xcconfig"; sourceTree = "<group>"; };
		A974858E289106BB00D8FB3F /* TheMovieDB.app */ = {isa = PBXFileReference; explicitFileType = wrapper.application; includeInIndex = 0; path = TheMovieDB.app; sourceTree = BUILT_PRODUCTS_DIR; };
		A9748591289106BB00D8FB3F /* TheMovieDBApp.swift */ = {isa = PBXFileReference; lastKnownFileType = sourcecode.swift; path = TheMovieDBApp.swift; sourceTree = "<group>"; };
		A9748595289106BC00D8FB3F /* Assets.xcassets */ = {isa = PBXFileReference; lastKnownFileType = folder.assetcatalog; path = Assets.xcassets; sourceTree = "<group>"; };
		A9748598289106BC00D8FB3F /* Preview Assets.xcassets */ = {isa = PBXFileReference; lastKnownFileType = folder.assetcatalog; path = "Preview Assets.xcassets"; sourceTree = "<group>"; };
		A974859E289106BC00D8FB3F /* TheMovieDBTests.xctest */ = {isa = PBXFileReference; explicitFileType = wrapper.cfbundle; includeInIndex = 0; path = TheMovieDBTests.xctest; sourceTree = BUILT_PRODUCTS_DIR; };
		A97485A2289106BC00D8FB3F /* TheMovieDBTests.swift */ = {isa = PBXFileReference; lastKnownFileType = sourcecode.swift; path = TheMovieDBTests.swift; sourceTree = "<group>"; };
		A97485A8289106BC00D8FB3F /* TheMovieDBUITests.xctest */ = {isa = PBXFileReference; explicitFileType = wrapper.cfbundle; includeInIndex = 0; path = TheMovieDBUITests.xctest; sourceTree = BUILT_PRODUCTS_DIR; };
		A97485AC289106BC00D8FB3F /* TheMovieDBUITests.swift */ = {isa = PBXFileReference; lastKnownFileType = sourcecode.swift; path = TheMovieDBUITests.swift; sourceTree = "<group>"; };
		A97485AE289106BC00D8FB3F /* TheMovieDBUITestsLaunchTests.swift */ = {isa = PBXFileReference; lastKnownFileType = sourcecode.swift; path = TheMovieDBUITestsLaunchTests.swift; sourceTree = "<group>"; };
		A97485BB28918EEA00D8FB3F /* MovieListView.swift */ = {isa = PBXFileReference; lastKnownFileType = sourcecode.swift; path = MovieListView.swift; sourceTree = "<group>"; };
		A97485BE28918FBF00D8FB3F /* Movie.swift */ = {isa = PBXFileReference; lastKnownFileType = sourcecode.swift; path = Movie.swift; sourceTree = "<group>"; };
		A97485C1289191A100D8FB3F /* MovieServices.swift */ = {isa = PBXFileReference; lastKnownFileType = sourcecode.swift; path = MovieServices.swift; sourceTree = "<group>"; };
		A97485C32891931A00D8FB3F /* MovieListType.swift */ = {isa = PBXFileReference; lastKnownFileType = sourcecode.swift; path = MovieListType.swift; sourceTree = "<group>"; };
		A97485C528919A6600D8FB3F /* MovieErrorType.swift */ = {isa = PBXFileReference; lastKnownFileType = sourcecode.swift; path = MovieErrorType.swift; sourceTree = "<group>"; };
		A97485C728919C6400D8FB3F /* ServiceManager.swift */ = {isa = PBXFileReference; lastKnownFileType = sourcecode.swift; path = ServiceManager.swift; sourceTree = "<group>"; };
		A97485CD2892846000D8FB3F /* MovieList.swift */ = {isa = PBXFileReference; lastKnownFileType = sourcecode.swift; path = MovieList.swift; sourceTree = "<group>"; };
		A97485D028928D2500D8FB3F /* MovieCard.swift */ = {isa = PBXFileReference; lastKnownFileType = sourcecode.swift; path = MovieCard.swift; sourceTree = "<group>"; };
		A97485D32892992400D8FB3F /* ImageLoader.swift */ = {isa = PBXFileReference; lastKnownFileType = sourcecode.swift; path = ImageLoader.swift; sourceTree = "<group>"; };
		C7CDE283932B44FBE4EC5CB2 /* Pods-TheMovieDB-TheMovieDBUITests.release.xcconfig */ = {isa = PBXFileReference; includeInIndex = 1; lastKnownFileType = text.xcconfig; name = "Pods-TheMovieDB-TheMovieDBUITests.release.xcconfig"; path = "Target Support Files/Pods-TheMovieDB-TheMovieDBUITests/Pods-TheMovieDB-TheMovieDBUITests.release.xcconfig"; sourceTree = "<group>"; };
		E78818EE3CC8F36ECA08DC54 /* Pods_TheMovieDBTests.framework */ = {isa = PBXFileReference; explicitFileType = wrapper.framework; includeInIndex = 0; path = Pods_TheMovieDBTests.framework; sourceTree = BUILT_PRODUCTS_DIR; };
		F7EEA7722EDD826361943065 /* Pods-TheMovieDB.debug.xcconfig */ = {isa = PBXFileReference; includeInIndex = 1; lastKnownFileType = text.xcconfig; name = "Pods-TheMovieDB.debug.xcconfig"; path = "Target Support Files/Pods-TheMovieDB/Pods-TheMovieDB.debug.xcconfig"; sourceTree = "<group>"; };
/* End PBXFileReference section */

/* Begin PBXFrameworksBuildPhase section */
		A974858B289106BB00D8FB3F /* Frameworks */ = {
			isa = PBXFrameworksBuildPhase;
			buildActionMask = 2147483647;
			files = (
				20EC29991B54549CB54505B5 /* Pods_TheMovieDB.framework in Frameworks */,
			);
			runOnlyForDeploymentPostprocessing = 0;
		};
		A974859B289106BC00D8FB3F /* Frameworks */ = {
			isa = PBXFrameworksBuildPhase;
			buildActionMask = 2147483647;
			files = (
				FA739D7569972154AB76F9D0 /* Pods_TheMovieDBTests.framework in Frameworks */,
			);
			runOnlyForDeploymentPostprocessing = 0;
		};
		A97485A5289106BC00D8FB3F /* Frameworks */ = {
			isa = PBXFrameworksBuildPhase;
			buildActionMask = 2147483647;
			files = (
				814C319DD87C4EE878DCCD1C /* Pods_TheMovieDB_TheMovieDBUITests.framework in Frameworks */,
			);
			runOnlyForDeploymentPostprocessing = 0;
		};
/* End PBXFrameworksBuildPhase section */

/* Begin PBXGroup section */
		3318BE7115ED9121144244AF /* Pods */ = {
			isa = PBXGroup;
			children = (
				F7EEA7722EDD826361943065 /* Pods-TheMovieDB.debug.xcconfig */,
				9AB1E794F6445018C579A374 /* Pods-TheMovieDB.release.xcconfig */,
				7C8F4345648078C465BC2B0B /* Pods-TheMovieDB-TheMovieDBUITests.debug.xcconfig */,
				C7CDE283932B44FBE4EC5CB2 /* Pods-TheMovieDB-TheMovieDBUITests.release.xcconfig */,
				32A5EC15A932B3C1C0CF363C /* Pods-TheMovieDBTests.debug.xcconfig */,
				58F597513A22783EDB22900C /* Pods-TheMovieDBTests.release.xcconfig */,
			);
			path = Pods;
			sourceTree = "<group>";
		};
		53170DE7E90B28C7DBDCF0E9 /* Frameworks */ = {
			isa = PBXGroup;
			children = (
				431E48721DD0433E907BCEE7 /* Pods_TheMovieDB.framework */,
				1026FA8E5DB469B2C004382D /* Pods_TheMovieDB_TheMovieDBUITests.framework */,
				E78818EE3CC8F36ECA08DC54 /* Pods_TheMovieDBTests.framework */,
			);
			name = Frameworks;
			sourceTree = "<group>";
		};
		A9748585289106BB00D8FB3F = {
			isa = PBXGroup;
			children = (
				A9748590289106BB00D8FB3F /* TheMovieDB */,
				A97485A1289106BC00D8FB3F /* TheMovieDBTests */,
				A97485AB289106BC00D8FB3F /* TheMovieDBUITests */,
				A974858F289106BB00D8FB3F /* Products */,
				3318BE7115ED9121144244AF /* Pods */,
				53170DE7E90B28C7DBDCF0E9 /* Frameworks */,
			);
			sourceTree = "<group>";
		};
		A974858F289106BB00D8FB3F /* Products */ = {
			isa = PBXGroup;
			children = (
				A974858E289106BB00D8FB3F /* TheMovieDB.app */,
				A974859E289106BC00D8FB3F /* TheMovieDBTests.xctest */,
				A97485A8289106BC00D8FB3F /* TheMovieDBUITests.xctest */,
			);
			name = Products;
			sourceTree = "<group>";
		};
		A9748590289106BB00D8FB3F /* TheMovieDB */ = {
			isa = PBXGroup;
			children = (
				A9748591289106BB00D8FB3F /* TheMovieDBApp.swift */,
				A97485BB28918EEA00D8FB3F /* MovieListView.swift */,
				A97485D2289298FE00D8FB3F /* Utils */,
				A97485CF28928D1100D8FB3F /* Views */,
				A97485C02891918700D8FB3F /* WebServices */,
				A97485BD28918FA900D8FB3F /* Models */,
				A9748595289106BC00D8FB3F /* Assets.xcassets */,
				A9748597289106BC00D8FB3F /* Preview Content */,
			);
			path = TheMovieDB;
			sourceTree = "<group>";
		};
		A9748597289106BC00D8FB3F /* Preview Content */ = {
			isa = PBXGroup;
			children = (
				A9748598289106BC00D8FB3F /* Preview Assets.xcassets */,
			);
			path = "Preview Content";
			sourceTree = "<group>";
		};
		A97485A1289106BC00D8FB3F /* TheMovieDBTests */ = {
			isa = PBXGroup;
			children = (
				A97485A2289106BC00D8FB3F /* TheMovieDBTests.swift */,
			);
			path = TheMovieDBTests;
			sourceTree = "<group>";
		};
		A97485AB289106BC00D8FB3F /* TheMovieDBUITests */ = {
			isa = PBXGroup;
			children = (
				A97485AC289106BC00D8FB3F /* TheMovieDBUITests.swift */,
				A97485AE289106BC00D8FB3F /* TheMovieDBUITestsLaunchTests.swift */,
			);
			path = TheMovieDBUITests;
			sourceTree = "<group>";
		};
		A97485BD28918FA900D8FB3F /* Models */ = {
			isa = PBXGroup;
			children = (
				A97485BE28918FBF00D8FB3F /* Movie.swift */,
				A97485CD2892846000D8FB3F /* MovieList.swift */,
				A97485C32891931A00D8FB3F /* MovieListType.swift */,
				A97485C528919A6600D8FB3F /* MovieErrorType.swift */,
			);
			path = Models;
			sourceTree = "<group>";
		};
		A97485C02891918700D8FB3F /* WebServices */ = {
			isa = PBXGroup;
			children = (
				A97485C728919C6400D8FB3F /* ServiceManager.swift */,
				A97485C1289191A100D8FB3F /* MovieServices.swift */,
			);
			path = WebServices;
			sourceTree = "<group>";
		};
		A97485CF28928D1100D8FB3F /* Views */ = {
			isa = PBXGroup;
			children = (
				A97485D028928D2500D8FB3F /* MovieCard.swift */,
			);
			path = Views;
			sourceTree = "<group>";
		};
		A97485D2289298FE00D8FB3F /* Utils */ = {
			isa = PBXGroup;
			children = (
				A97485D32892992400D8FB3F /* ImageLoader.swift */,
			);
			path = Utils;
			sourceTree = "<group>";
		};
/* End PBXGroup section */

/* Begin PBXNativeTarget section */
		A974858D289106BB00D8FB3F /* TheMovieDB */ = {
			isa = PBXNativeTarget;
			buildConfigurationList = A97485B2289106BC00D8FB3F /* Build configuration list for PBXNativeTarget "TheMovieDB" */;
			buildPhases = (
				647D2A5FD3E317DA2E56A2B7 /* [CP] Check Pods Manifest.lock */,
				A974858A289106BB00D8FB3F /* Sources */,
				A974858B289106BB00D8FB3F /* Frameworks */,
				A974858C289106BB00D8FB3F /* Resources */,
				97B23AE253501CCCF5DED0C7 /* [CP] Embed Pods Frameworks */,
			);
			buildRules = (
			);
			dependencies = (
			);
			name = TheMovieDB;
			productName = TheMovieDB;
			productReference = A974858E289106BB00D8FB3F /* TheMovieDB.app */;
			productType = "com.apple.product-type.application";
		};
		A974859D289106BC00D8FB3F /* TheMovieDBTests */ = {
			isa = PBXNativeTarget;
			buildConfigurationList = A97485B5289106BC00D8FB3F /* Build configuration list for PBXNativeTarget "TheMovieDBTests" */;
			buildPhases = (
				8B3356AD8EBD9E76974F4D8D /* [CP] Check Pods Manifest.lock */,
				A974859A289106BC00D8FB3F /* Sources */,
				A974859B289106BC00D8FB3F /* Frameworks */,
				A974859C289106BC00D8FB3F /* Resources */,
			);
			buildRules = (
			);
			dependencies = (
				A97485A0289106BC00D8FB3F /* PBXTargetDependency */,
			);
			name = TheMovieDBTests;
			productName = TheMovieDBTests;
			productReference = A974859E289106BC00D8FB3F /* TheMovieDBTests.xctest */;
			productType = "com.apple.product-type.bundle.unit-test";
		};
		A97485A7289106BC00D8FB3F /* TheMovieDBUITests */ = {
			isa = PBXNativeTarget;
			buildConfigurationList = A97485B8289106BC00D8FB3F /* Build configuration list for PBXNativeTarget "TheMovieDBUITests" */;
			buildPhases = (
				20D7D13EE8C6EB306FADE11E /* [CP] Check Pods Manifest.lock */,
				A97485A4289106BC00D8FB3F /* Sources */,
				A97485A5289106BC00D8FB3F /* Frameworks */,
				A97485A6289106BC00D8FB3F /* Resources */,
				DB2B74C12C6CC1893274C915 /* [CP] Embed Pods Frameworks */,
			);
			buildRules = (
			);
			dependencies = (
				A97485AA289106BC00D8FB3F /* PBXTargetDependency */,
			);
			name = TheMovieDBUITests;
			productName = TheMovieDBUITests;
			productReference = A97485A8289106BC00D8FB3F /* TheMovieDBUITests.xctest */;
			productType = "com.apple.product-type.bundle.ui-testing";
		};
/* End PBXNativeTarget section */

/* Begin PBXProject section */
		A9748586289106BB00D8FB3F /* Project object */ = {
			isa = PBXProject;
			attributes = {
				BuildIndependentTargetsInParallel = 1;
				LastSwiftUpdateCheck = 1340;
				LastUpgradeCheck = 1340;
				TargetAttributes = {
					A974858D289106BB00D8FB3F = {
						CreatedOnToolsVersion = 13.4.1;
					};
					A974859D289106BC00D8FB3F = {
						CreatedOnToolsVersion = 13.4.1;
						TestTargetID = A974858D289106BB00D8FB3F;
					};
					A97485A7289106BC00D8FB3F = {
						CreatedOnToolsVersion = 13.4.1;
						TestTargetID = A974858D289106BB00D8FB3F;
					};
				};
			};
			buildConfigurationList = A9748589289106BB00D8FB3F /* Build configuration list for PBXProject "TheMovieDB" */;
			compatibilityVersion = "Xcode 13.0";
			developmentRegion = en;
			hasScannedForEncodings = 0;
			knownRegions = (
				en,
				Base,
			);
			mainGroup = A9748585289106BB00D8FB3F;
			productRefGroup = A974858F289106BB00D8FB3F /* Products */;
			projectDirPath = "";
			projectRoot = "";
			targets = (
				A974858D289106BB00D8FB3F /* TheMovieDB */,
				A974859D289106BC00D8FB3F /* TheMovieDBTests */,
				A97485A7289106BC00D8FB3F /* TheMovieDBUITests */,
			);
		};
/* End PBXProject section */

/* Begin PBXResourcesBuildPhase section */
		A974858C289106BB00D8FB3F /* Resources */ = {
			isa = PBXResourcesBuildPhase;
			buildActionMask = 2147483647;
			files = (
				A9748599289106BC00D8FB3F /* Preview Assets.xcassets in Resources */,
				A9748596289106BC00D8FB3F /* Assets.xcassets in Resources */,
			);
			runOnlyForDeploymentPostprocessing = 0;
		};
		A974859C289106BC00D8FB3F /* Resources */ = {
			isa = PBXResourcesBuildPhase;
			buildActionMask = 2147483647;
			files = (
			);
			runOnlyForDeploymentPostprocessing = 0;
		};
		A97485A6289106BC00D8FB3F /* Resources */ = {
			isa = PBXResourcesBuildPhase;
			buildActionMask = 2147483647;
			files = (
			);
			runOnlyForDeploymentPostprocessing = 0;
		};
/* End PBXResourcesBuildPhase section */

/* Begin PBXShellScriptBuildPhase section */
		20D7D13EE8C6EB306FADE11E /* [CP] Check Pods Manifest.lock */ = {
			isa = PBXShellScriptBuildPhase;
			buildActionMask = 2147483647;
			files = (
			);
			inputFileListPaths = (
			);
			inputPaths = (
				"${PODS_PODFILE_DIR_PATH}/Podfile.lock",
				"${PODS_ROOT}/Manifest.lock",
			);
			name = "[CP] Check Pods Manifest.lock";
			outputFileListPaths = (
			);
			outputPaths = (
				"$(DERIVED_FILE_DIR)/Pods-TheMovieDB-TheMovieDBUITests-checkManifestLockResult.txt",
			);
			runOnlyForDeploymentPostprocessing = 0;
			shellPath = /bin/sh;
			shellScript = "diff \"${PODS_PODFILE_DIR_PATH}/Podfile.lock\" \"${PODS_ROOT}/Manifest.lock\" > /dev/null\nif [ $? != 0 ] ; then\n    # print error to STDERR\n    echo \"error: The sandbox is not in sync with the Podfile.lock. Run 'pod install' or update your CocoaPods installation.\" >&2\n    exit 1\nfi\n# This output is used by Xcode 'outputs' to avoid re-running this script phase.\necho \"SUCCESS\" > \"${SCRIPT_OUTPUT_FILE_0}\"\n";
			showEnvVarsInLog = 0;
		};
		647D2A5FD3E317DA2E56A2B7 /* [CP] Check Pods Manifest.lock */ = {
			isa = PBXShellScriptBuildPhase;
			buildActionMask = 2147483647;
			files = (
			);
			inputFileListPaths = (
			);
			inputPaths = (
				"${PODS_PODFILE_DIR_PATH}/Podfile.lock",
				"${PODS_ROOT}/Manifest.lock",
			);
			name = "[CP] Check Pods Manifest.lock";
			outputFileListPaths = (
			);
			outputPaths = (
				"$(DERIVED_FILE_DIR)/Pods-TheMovieDB-checkManifestLockResult.txt",
			);
			runOnlyForDeploymentPostprocessing = 0;
			shellPath = /bin/sh;
			shellScript = "diff \"${PODS_PODFILE_DIR_PATH}/Podfile.lock\" \"${PODS_ROOT}/Manifest.lock\" > /dev/null\nif [ $? != 0 ] ; then\n    # print error to STDERR\n    echo \"error: The sandbox is not in sync with the Podfile.lock. Run 'pod install' or update your CocoaPods installation.\" >&2\n    exit 1\nfi\n# This output is used by Xcode 'outputs' to avoid re-running this script phase.\necho \"SUCCESS\" > \"${SCRIPT_OUTPUT_FILE_0}\"\n";
			showEnvVarsInLog = 0;
		};
		8B3356AD8EBD9E76974F4D8D /* [CP] Check Pods Manifest.lock */ = {
			isa = PBXShellScriptBuildPhase;
			buildActionMask = 2147483647;
			files = (
			);
			inputFileListPaths = (
			);
			inputPaths = (
				"${PODS_PODFILE_DIR_PATH}/Podfile.lock",
				"${PODS_ROOT}/Manifest.lock",
			);
			name = "[CP] Check Pods Manifest.lock";
			outputFileListPaths = (
			);
			outputPaths = (
				"$(DERIVED_FILE_DIR)/Pods-TheMovieDBTests-checkManifestLockResult.txt",
			);
			runOnlyForDeploymentPostprocessing = 0;
			shellPath = /bin/sh;
			shellScript = "diff \"${PODS_PODFILE_DIR_PATH}/Podfile.lock\" \"${PODS_ROOT}/Manifest.lock\" > /dev/null\nif [ $? != 0 ] ; then\n    # print error to STDERR\n    echo \"error: The sandbox is not in sync with the Podfile.lock. Run 'pod install' or update your CocoaPods installation.\" >&2\n    exit 1\nfi\n# This output is used by Xcode 'outputs' to avoid re-running this script phase.\necho \"SUCCESS\" > \"${SCRIPT_OUTPUT_FILE_0}\"\n";
			showEnvVarsInLog = 0;
		};
		97B23AE253501CCCF5DED0C7 /* [CP] Embed Pods Frameworks */ = {
			isa = PBXShellScriptBuildPhase;
			buildActionMask = 2147483647;
			files = (
			);
			inputFileListPaths = (
				"${PODS_ROOT}/Target Support Files/Pods-TheMovieDB/Pods-TheMovieDB-frameworks-${CONFIGURATION}-input-files.xcfilelist",
			);
			name = "[CP] Embed Pods Frameworks";
			outputFileListPaths = (
				"${PODS_ROOT}/Target Support Files/Pods-TheMovieDB/Pods-TheMovieDB-frameworks-${CONFIGURATION}-output-files.xcfilelist",
			);
			runOnlyForDeploymentPostprocessing = 0;
			shellPath = /bin/sh;
			shellScript = "\"${PODS_ROOT}/Target Support Files/Pods-TheMovieDB/Pods-TheMovieDB-frameworks.sh\"\n";
			showEnvVarsInLog = 0;
		};
		DB2B74C12C6CC1893274C915 /* [CP] Embed Pods Frameworks */ = {
			isa = PBXShellScriptBuildPhase;
			buildActionMask = 2147483647;
			files = (
			);
			inputFileListPaths = (
				"${PODS_ROOT}/Target Support Files/Pods-TheMovieDB-TheMovieDBUITests/Pods-TheMovieDB-TheMovieDBUITests-frameworks-${CONFIGURATION}-input-files.xcfilelist",
			);
			name = "[CP] Embed Pods Frameworks";
			outputFileListPaths = (
				"${PODS_ROOT}/Target Support Files/Pods-TheMovieDB-TheMovieDBUITests/Pods-TheMovieDB-TheMovieDBUITests-frameworks-${CONFIGURATION}-output-files.xcfilelist",
			);
			runOnlyForDeploymentPostprocessing = 0;
			shellPath = /bin/sh;
			shellScript = "\"${PODS_ROOT}/Target Support Files/Pods-TheMovieDB-TheMovieDBUITests/Pods-TheMovieDB-TheMovieDBUITests-frameworks.sh\"\n";
			showEnvVarsInLog = 0;
		};
/* End PBXShellScriptBuildPhase section */

/* Begin PBXSourcesBuildPhase section */
		A974858A289106BB00D8FB3F /* Sources */ = {
			isa = PBXSourcesBuildPhase;
			buildActionMask = 2147483647;
			files = (
				A97485D128928D2600D8FB3F /* MovieCard.swift in Sources */,
				A97485CE2892846000D8FB3F /* MovieList.swift in Sources */,
				A9748592289106BB00D8FB3F /* TheMovieDBApp.swift in Sources */,
				A97485C2289191A100D8FB3F /* MovieServices.swift in Sources */,
				A97485D42892992400D8FB3F /* ImageLoader.swift in Sources */,
				A97485C828919C6400D8FB3F /* ServiceManager.swift in Sources */,
				A97485BF28918FBF00D8FB3F /* Movie.swift in Sources */,
				A97485C628919A6600D8FB3F /* MovieErrorType.swift in Sources */,
				A97485C42891931A00D8FB3F /* MovieListType.swift in Sources */,
				A97485BC28918EEA00D8FB3F /* MovieListView.swift in Sources */,
			);
			runOnlyForDeploymentPostprocessing = 0;
		};
		A974859A289106BC00D8FB3F /* Sources */ = {
			isa = PBXSourcesBuildPhase;
			buildActionMask = 2147483647;
			files = (
				A97485A3289106BC00D8FB3F /* TheMovieDBTests.swift in Sources */,
			);
			runOnlyForDeploymentPostprocessing = 0;
		};
		A97485A4289106BC00D8FB3F /* Sources */ = {
			isa = PBXSourcesBuildPhase;
			buildActionMask = 2147483647;
			files = (
				A97485AD289106BC00D8FB3F /* TheMovieDBUITests.swift in Sources */,
				A97485AF289106BC00D8FB3F /* TheMovieDBUITestsLaunchTests.swift in Sources */,
			);
			runOnlyForDeploymentPostprocessing = 0;
		};
/* End PBXSourcesBuildPhase section */

/* Begin PBXTargetDependency section */
		A97485A0289106BC00D8FB3F /* PBXTargetDependency */ = {
			isa = PBXTargetDependency;
			target = A974858D289106BB00D8FB3F /* TheMovieDB */;
			targetProxy = A974859F289106BC00D8FB3F /* PBXContainerItemProxy */;
		};
		A97485AA289106BC00D8FB3F /* PBXTargetDependency */ = {
			isa = PBXTargetDependency;
			target = A974858D289106BB00D8FB3F /* TheMovieDB */;
			targetProxy = A97485A9289106BC00D8FB3F /* PBXContainerItemProxy */;
		};
/* End PBXTargetDependency section */

/* Begin XCBuildConfiguration section */
		A97485B0289106BC00D8FB3F /* Debug */ = {
			isa = XCBuildConfiguration;
			buildSettings = {
				ALWAYS_SEARCH_USER_PATHS = NO;
				CLANG_ANALYZER_NONNULL = YES;
				CLANG_ANALYZER_NUMBER_OBJECT_CONVERSION = YES_AGGRESSIVE;
				CLANG_CXX_LANGUAGE_STANDARD = "gnu++17";
				CLANG_ENABLE_MODULES = YES;
				CLANG_ENABLE_OBJC_ARC = YES;
				CLANG_ENABLE_OBJC_WEAK = YES;
				CLANG_WARN_BLOCK_CAPTURE_AUTORELEASING = YES;
				CLANG_WARN_BOOL_CONVERSION = YES;
				CLANG_WARN_COMMA = YES;
				CLANG_WARN_CONSTANT_CONVERSION = YES;
				CLANG_WARN_DEPRECATED_OBJC_IMPLEMENTATIONS = YES;
				CLANG_WARN_DIRECT_OBJC_ISA_USAGE = YES_ERROR;
				CLANG_WARN_DOCUMENTATION_COMMENTS = YES;
				CLANG_WARN_EMPTY_BODY = YES;
				CLANG_WARN_ENUM_CONVERSION = YES;
				CLANG_WARN_INFINITE_RECURSION = YES;
				CLANG_WARN_INT_CONVERSION = YES;
				CLANG_WARN_NON_LITERAL_NULL_CONVERSION = YES;
				CLANG_WARN_OBJC_IMPLICIT_RETAIN_SELF = YES;
				CLANG_WARN_OBJC_LITERAL_CONVERSION = YES;
				CLANG_WARN_OBJC_ROOT_CLASS = YES_ERROR;
				CLANG_WARN_QUOTED_INCLUDE_IN_FRAMEWORK_HEADER = YES;
				CLANG_WARN_RANGE_LOOP_ANALYSIS = YES;
				CLANG_WARN_STRICT_PROTOTYPES = YES;
				CLANG_WARN_SUSPICIOUS_MOVE = YES;
				CLANG_WARN_UNGUARDED_AVAILABILITY = YES_AGGRESSIVE;
				CLANG_WARN_UNREACHABLE_CODE = YES;
				CLANG_WARN__DUPLICATE_METHOD_MATCH = YES;
				COPY_PHASE_STRIP = NO;
				DEBUG_INFORMATION_FORMAT = dwarf;
				ENABLE_STRICT_OBJC_MSGSEND = YES;
				ENABLE_TESTABILITY = YES;
				GCC_C_LANGUAGE_STANDARD = gnu11;
				GCC_DYNAMIC_NO_PIC = NO;
				GCC_NO_COMMON_BLOCKS = YES;
				GCC_OPTIMIZATION_LEVEL = 0;
				GCC_PREPROCESSOR_DEFINITIONS = (
					"DEBUG=1",
					"$(inherited)",
				);
				GCC_WARN_64_TO_32_BIT_CONVERSION = YES;
				GCC_WARN_ABOUT_RETURN_TYPE = YES_ERROR;
				GCC_WARN_UNDECLARED_SELECTOR = YES;
				GCC_WARN_UNINITIALIZED_AUTOS = YES_AGGRESSIVE;
				GCC_WARN_UNUSED_FUNCTION = YES;
				GCC_WARN_UNUSED_VARIABLE = YES;
				IPHONEOS_DEPLOYMENT_TARGET = 15.5;
				MTL_ENABLE_DEBUG_INFO = INCLUDE_SOURCE;
				MTL_FAST_MATH = YES;
				ONLY_ACTIVE_ARCH = YES;
				SDKROOT = iphoneos;
				SWIFT_ACTIVE_COMPILATION_CONDITIONS = DEBUG;
				SWIFT_OPTIMIZATION_LEVEL = "-Onone";
			};
			name = Debug;
		};
		A97485B1289106BC00D8FB3F /* Release */ = {
			isa = XCBuildConfiguration;
			buildSettings = {
				ALWAYS_SEARCH_USER_PATHS = NO;
				CLANG_ANALYZER_NONNULL = YES;
				CLANG_ANALYZER_NUMBER_OBJECT_CONVERSION = YES_AGGRESSIVE;
				CLANG_CXX_LANGUAGE_STANDARD = "gnu++17";
				CLANG_ENABLE_MODULES = YES;
				CLANG_ENABLE_OBJC_ARC = YES;
				CLANG_ENABLE_OBJC_WEAK = YES;
				CLANG_WARN_BLOCK_CAPTURE_AUTORELEASING = YES;
				CLANG_WARN_BOOL_CONVERSION = YES;
				CLANG_WARN_COMMA = YES;
				CLANG_WARN_CONSTANT_CONVERSION = YES;
				CLANG_WARN_DEPRECATED_OBJC_IMPLEMENTATIONS = YES;
				CLANG_WARN_DIRECT_OBJC_ISA_USAGE = YES_ERROR;
				CLANG_WARN_DOCUMENTATION_COMMENTS = YES;
				CLANG_WARN_EMPTY_BODY = YES;
				CLANG_WARN_ENUM_CONVERSION = YES;
				CLANG_WARN_INFINITE_RECURSION = YES;
				CLANG_WARN_INT_CONVERSION = YES;
				CLANG_WARN_NON_LITERAL_NULL_CONVERSION = YES;
				CLANG_WARN_OBJC_IMPLICIT_RETAIN_SELF = YES;
				CLANG_WARN_OBJC_LITERAL_CONVERSION = YES;
				CLANG_WARN_OBJC_ROOT_CLASS = YES_ERROR;
				CLANG_WARN_QUOTED_INCLUDE_IN_FRAMEWORK_HEADER = YES;
				CLANG_WARN_RANGE_LOOP_ANALYSIS = YES;
				CLANG_WARN_STRICT_PROTOTYPES = YES;
				CLANG_WARN_SUSPICIOUS_MOVE = YES;
				CLANG_WARN_UNGUARDED_AVAILABILITY = YES_AGGRESSIVE;
				CLANG_WARN_UNREACHABLE_CODE = YES;
				CLANG_WARN__DUPLICATE_METHOD_MATCH = YES;
				COPY_PHASE_STRIP = NO;
				DEBUG_INFORMATION_FORMAT = "dwarf-with-dsym";
				ENABLE_NS_ASSERTIONS = NO;
				ENABLE_STRICT_OBJC_MSGSEND = YES;
				GCC_C_LANGUAGE_STANDARD = gnu11;
				GCC_NO_COMMON_BLOCKS = YES;
				GCC_WARN_64_TO_32_BIT_CONVERSION = YES;
				GCC_WARN_ABOUT_RETURN_TYPE = YES_ERROR;
				GCC_WARN_UNDECLARED_SELECTOR = YES;
				GCC_WARN_UNINITIALIZED_AUTOS = YES_AGGRESSIVE;
				GCC_WARN_UNUSED_FUNCTION = YES;
				GCC_WARN_UNUSED_VARIABLE = YES;
				IPHONEOS_DEPLOYMENT_TARGET = 15.5;
				MTL_ENABLE_DEBUG_INFO = NO;
				MTL_FAST_MATH = YES;
				SDKROOT = iphoneos;
				SWIFT_COMPILATION_MODE = wholemodule;
				SWIFT_OPTIMIZATION_LEVEL = "-O";
				VALIDATE_PRODUCT = YES;
			};
			name = Release;
		};
		A97485B3289106BC00D8FB3F /* Debug */ = {
			isa = XCBuildConfiguration;
			baseConfigurationReference = F7EEA7722EDD826361943065 /* Pods-TheMovieDB.debug.xcconfig */;
			buildSettings = {
				ASSETCATALOG_COMPILER_APPICON_NAME = AppIcon;
				ASSETCATALOG_COMPILER_GLOBAL_ACCENT_COLOR_NAME = AccentColor;
				CODE_SIGN_STYLE = Automatic;
				CURRENT_PROJECT_VERSION = 1;
				DEVELOPMENT_ASSET_PATHS = "\"TheMovieDB/Preview Content\"";
				ENABLE_PREVIEWS = YES;
				GENERATE_INFOPLIST_FILE = YES;
				INFOPLIST_KEY_UIApplicationSceneManifest_Generation = YES;
				INFOPLIST_KEY_UIApplicationSupportsIndirectInputEvents = YES;
				INFOPLIST_KEY_UILaunchScreen_Generation = YES;
				INFOPLIST_KEY_UISupportedInterfaceOrientations_iPad = "UIInterfaceOrientationPortrait UIInterfaceOrientationPortraitUpsideDown UIInterfaceOrientationLandscapeLeft UIInterfaceOrientationLandscapeRight";
				INFOPLIST_KEY_UISupportedInterfaceOrientations_iPhone = "UIInterfaceOrientationPortrait UIInterfaceOrientationLandscapeLeft UIInterfaceOrientationLandscapeRight";
				LD_RUNPATH_SEARCH_PATHS = (
					"$(inherited)",
					"@executable_path/Frameworks",
				);
				MARKETING_VERSION = 1.0;
				PRODUCT_BUNDLE_IDENTIFIER = com.antoniomeh.TheMovieDB;
				PRODUCT_NAME = "$(TARGET_NAME)";
				SWIFT_EMIT_LOC_STRINGS = YES;
				SWIFT_VERSION = 5.0;
				TARGETED_DEVICE_FAMILY = "1,2";
			};
			name = Debug;
		};
		A97485B4289106BC00D8FB3F /* Release */ = {
			isa = XCBuildConfiguration;
			baseConfigurationReference = 9AB1E794F6445018C579A374 /* Pods-TheMovieDB.release.xcconfig */;
			buildSettings = {
				ASSETCATALOG_COMPILER_APPICON_NAME = AppIcon;
				ASSETCATALOG_COMPILER_GLOBAL_ACCENT_COLOR_NAME = AccentColor;
				CODE_SIGN_STYLE = Automatic;
				CURRENT_PROJECT_VERSION = 1;
				DEVELOPMENT_ASSET_PATHS = "\"TheMovieDB/Preview Content\"";
				ENABLE_PREVIEWS = YES;
				GENERATE_INFOPLIST_FILE = YES;
				INFOPLIST_KEY_UIApplicationSceneManifest_Generation = YES;
				INFOPLIST_KEY_UIApplicationSupportsIndirectInputEvents = YES;
				INFOPLIST_KEY_UILaunchScreen_Generation = YES;
				INFOPLIST_KEY_UISupportedInterfaceOrientations_iPad = "UIInterfaceOrientationPortrait UIInterfaceOrientationPortraitUpsideDown UIInterfaceOrientationLandscapeLeft UIInterfaceOrientationLandscapeRight";
				INFOPLIST_KEY_UISupportedInterfaceOrientations_iPhone = "UIInterfaceOrientationPortrait UIInterfaceOrientationLandscapeLeft UIInterfaceOrientationLandscapeRight";
				LD_RUNPATH_SEARCH_PATHS = (
					"$(inherited)",
					"@executable_path/Frameworks",
				);
				MARKETING_VERSION = 1.0;
				PRODUCT_BUNDLE_IDENTIFIER = com.antoniomeh.TheMovieDB;
				PRODUCT_NAME = "$(TARGET_NAME)";
				SWIFT_EMIT_LOC_STRINGS = YES;
				SWIFT_VERSION = 5.0;
				TARGETED_DEVICE_FAMILY = "1,2";
			};
			name = Release;
		};
		A97485B6289106BC00D8FB3F /* Debug */ = {
			isa = XCBuildConfiguration;
			baseConfigurationReference = 32A5EC15A932B3C1C0CF363C /* Pods-TheMovieDBTests.debug.xcconfig */;
			buildSettings = {
				ALWAYS_EMBED_SWIFT_STANDARD_LIBRARIES = YES;
				BUNDLE_LOADER = "$(TEST_HOST)";
				CODE_SIGN_STYLE = Automatic;
				CURRENT_PROJECT_VERSION = 1;
				GENERATE_INFOPLIST_FILE = YES;
				IPHONEOS_DEPLOYMENT_TARGET = 15.5;
				MARKETING_VERSION = 1.0;
				PRODUCT_BUNDLE_IDENTIFIER = com.antoniomeh.TheMovieDBTests;
				PRODUCT_NAME = "$(TARGET_NAME)";
				SWIFT_EMIT_LOC_STRINGS = NO;
				SWIFT_VERSION = 5.0;
				TARGETED_DEVICE_FAMILY = "1,2";
				TEST_HOST = "$(BUILT_PRODUCTS_DIR)/TheMovieDB.app/TheMovieDB";
			};
			name = Debug;
		};
		A97485B7289106BC00D8FB3F /* Release */ = {
			isa = XCBuildConfiguration;
			baseConfigurationReference = 58F597513A22783EDB22900C /* Pods-TheMovieDBTests.release.xcconfig */;
			buildSettings = {
				ALWAYS_EMBED_SWIFT_STANDARD_LIBRARIES = YES;
				BUNDLE_LOADER = "$(TEST_HOST)";
				CODE_SIGN_STYLE = Automatic;
				CURRENT_PROJECT_VERSION = 1;
				GENERATE_INFOPLIST_FILE = YES;
				IPHONEOS_DEPLOYMENT_TARGET = 15.5;
				MARKETING_VERSION = 1.0;
				PRODUCT_BUNDLE_IDENTIFIER = com.antoniomeh.TheMovieDBTests;
				PRODUCT_NAME = "$(TARGET_NAME)";
				SWIFT_EMIT_LOC_STRINGS = NO;
				SWIFT_VERSION = 5.0;
				TARGETED_DEVICE_FAMILY = "1,2";
				TEST_HOST = "$(BUILT_PRODUCTS_DIR)/TheMovieDB.app/TheMovieDB";
			};
			name = Release;
		};
		A97485B9289106BC00D8FB3F /* Debug */ = {
			isa = XCBuildConfiguration;
			baseConfigurationReference = 7C8F4345648078C465BC2B0B /* Pods-TheMovieDB-TheMovieDBUITests.debug.xcconfig */;
			buildSettings = {
				ALWAYS_EMBED_SWIFT_STANDARD_LIBRARIES = YES;
				CODE_SIGN_STYLE = Automatic;
				CURRENT_PROJECT_VERSION = 1;
				GENERATE_INFOPLIST_FILE = YES;
				MARKETING_VERSION = 1.0;
				PRODUCT_BUNDLE_IDENTIFIER = com.antoniomeh.TheMovieDBUITests;
				PRODUCT_NAME = "$(TARGET_NAME)";
				SWIFT_EMIT_LOC_STRINGS = NO;
				SWIFT_VERSION = 5.0;
				TARGETED_DEVICE_FAMILY = "1,2";
				TEST_TARGET_NAME = TheMovieDB;
			};
			name = Debug;
		};
		A97485BA289106BC00D8FB3F /* Release */ = {
			isa = XCBuildConfiguration;
			baseConfigurationReference = C7CDE283932B44FBE4EC5CB2 /* Pods-TheMovieDB-TheMovieDBUITests.release.xcconfig */;
			buildSettings = {
				ALWAYS_EMBED_SWIFT_STANDARD_LIBRARIES = YES;
				CODE_SIGN_STYLE = Automatic;
				CURRENT_PROJECT_VERSION = 1;
				GENERATE_INFOPLIST_FILE = YES;
				MARKETING_VERSION = 1.0;
				PRODUCT_BUNDLE_IDENTIFIER = com.antoniomeh.TheMovieDBUITests;
				PRODUCT_NAME = "$(TARGET_NAME)";
				SWIFT_EMIT_LOC_STRINGS = NO;
				SWIFT_VERSION = 5.0;
				TARGETED_DEVICE_FAMILY = "1,2";
				TEST_TARGET_NAME = TheMovieDB;
			};
			name = Release;
		};
/* End XCBuildConfiguration section */

/* Begin XCConfigurationList section */
		A9748589289106BB00D8FB3F /* Build configuration list for PBXProject "TheMovieDB" */ = {
			isa = XCConfigurationList;
			buildConfigurations = (
				A97485B0289106BC00D8FB3F /* Debug */,
				A97485B1289106BC00D8FB3F /* Release */,
			);
			defaultConfigurationIsVisible = 0;
			defaultConfigurationName = Release;
		};
		A97485B2289106BC00D8FB3F /* Build configuration list for PBXNativeTarget "TheMovieDB" */ = {
			isa = XCConfigurationList;
			buildConfigurations = (
				A97485B3289106BC00D8FB3F /* Debug */,
				A97485B4289106BC00D8FB3F /* Release */,
			);
			defaultConfigurationIsVisible = 0;
			defaultConfigurationName = Release;
		};
		A97485B5289106BC00D8FB3F /* Build configuration list for PBXNativeTarget "TheMovieDBTests" */ = {
			isa = XCConfigurationList;
			buildConfigurations = (
				A97485B6289106BC00D8FB3F /* Debug */,
				A97485B7289106BC00D8FB3F /* Release */,
			);
			defaultConfigurationIsVisible = 0;
			defaultConfigurationName = Release;
		};
		A97485B8289106BC00D8FB3F /* Build configuration list for PBXNativeTarget "TheMovieDBUITests" */ = {
			isa = XCConfigurationList;
			buildConfigurations = (
				A97485B9289106BC00D8FB3F /* Debug */,
				A97485BA289106BC00D8FB3F /* Release */,
			);
			defaultConfigurationIsVisible = 0;
			defaultConfigurationName = Release;
		};
/* End XCConfigurationList section */
	};
	rootObject = A9748586289106BB00D8FB3F /* Project object */;
}
